
Microsoft Visual Studio Solution File, Format Version 12.00
# Visual Studio Version 17
VisualStudioVersion = 17.3.32929.385
MinimumVisualStudioVersion = 10.0.40219.1
Project("{FAE04EC0-301F-11D3-BF4B-00C04F79EFBC}") = "Int32.IsOdd, IsEven", "Int32.IsOdd, IsEven\Int32.IsOdd, IsEven.csproj", "{A40FEA13-FA38-4CE7-A791-BFF19766EE7B}"
EndProject
Project("{FAE04EC0-301F-11D3-BF4B-00C04F79EFBC}") = "String.Left(int length", "String.Left(int length\String.Left(int length.csproj", "{CCEE4E1A-5743-496A-9CE3-58DD82251B20}"
EndProject
Project("{FAE04EC0-301F-11D3-BF4B-00C04F79EFBC}") = "Q3", "Q3\Q3.csproj", "{C90FD8F8-A21E-4031-9AFB-5B36C13CB683}"
EndProject
Global
	GlobalSection(SolutionConfigurationPlatforms) = preSolution
		Debug|Any CPU = Debug|Any CPU
		Release|Any CPU = Release|Any CPU
	EndGlobalSection
	GlobalSection(ProjectConfigurationPlatforms) = postSolution
		{A40FEA13-FA38-4CE7-A791-BFF19766EE7B}.Debug|Any CPU.ActiveCfg = Debug|Any CPU
		{A40FEA13-FA38-4CE7-A791-BFF19766EE7B}.Debug|Any CPU.Build.0 = Debug|Any CPU
		{A40FEA13-FA38-4CE7-A791-BFF19766EE7B}.Release|Any CPU.ActiveCfg = Release|Any CPU
		{A40FEA13-FA38-4CE7-A791-BFF19766EE7B}.Release|Any CPU.Build.0 = Release|Any CPU
		{CCEE4E1A-5743-496A-9CE3-58DD82251B20}.Debug|Any CPU.ActiveCfg = Debug|Any CPU
		{CCEE4E1A-5743-496A-9CE3-58DD82251B20}.Debug|Any CPU.Build.0 = Debug|Any CPU
		{CCEE4E1A-5743-496A-9CE3-58DD82251B20}.Release|Any CPU.ActiveCfg = Release|Any CPU
		{CCEE4E1A-5743-496A-9CE3-58DD82251B20}.Release|Any CPU.Build.0 = Release|Any CPU
		{C90FD8F8-A21E-4031-9AFB-5B36C13CB683}.Debug|Any CPU.ActiveCfg = Debug|Any CPU
		{C90FD8F8-A21E-4031-9AFB-5B36C13CB683}.Debug|Any CPU.Build.0 = Debug|Any CPU
		{C90FD8F8-A21E-4031-9AFB-5B36C13CB683}.Release|Any CPU.ActiveCfg = Release|Any CPU
		{C90FD8F8-A21E-4031-9AFB-5B36C13CB683}.Release|Any CPU.Build.0 = Release|Any CPU
	EndGlobalSection
	GlobalSection(SolutionProperties) = preSolution
		HideSolutionNode = FALSE
	EndGlobalSection
	GlobalSection(ExtensibilityGlobals) = postSolution
		SolutionGuid = {AB2CEF83-77A4-4D92-A9EF-C637AF51AAE9}
	EndGlobalSection
EndGlobal
